// !$*UTF8*$!
{
	archiveVersion = 1;
	classes = {
	};
	objectVersion = 56;
	objects = {

/* Begin PBXBuildFile section */
		181E5BD5294CE4DB00FE2FFE /* AppDelegate.swift in Sources */ = {isa = PBXBuildFile; fileRef = 181E5BD4294CE4DB00FE2FFE /* AppDelegate.swift */; };
		181E5BD7294CE4DB00FE2FFE /* SceneDelegate.swift in Sources */ = {isa = PBXBuildFile; fileRef = 181E5BD6294CE4DB00FE2FFE /* SceneDelegate.swift */; };
		181E5BD9294CE4DB00FE2FFE /* ViewController.swift in Sources */ = {isa = PBXBuildFile; fileRef = 181E5BD8294CE4DB00FE2FFE /* ViewController.swift */; };
		181E5BDC294CE4DB00FE2FFE /* Main.storyboard in Resources */ = {isa = PBXBuildFile; fileRef = 181E5BDA294CE4DB00FE2FFE /* Main.storyboard */; };
		181E5BDF294CE4DB00FE2FFE /* InsertDataOfTextFieldIntoCoreData.xcdatamodeld in Sources */ = {isa = PBXBuildFile; fileRef = 181E5BDD294CE4DB00FE2FFE /* InsertDataOfTextFieldIntoCoreData.xcdatamodeld */; };
		181E5BE1294CE4DE00FE2FFE /* Assets.xcassets in Resources */ = {isa = PBXBuildFile; fileRef = 181E5BE0294CE4DE00FE2FFE /* Assets.xcassets */; };
		181E5BE4294CE4DE00FE2FFE /* LaunchScreen.storyboard in Resources */ = {isa = PBXBuildFile; fileRef = 181E5BE2294CE4DE00FE2FFE /* LaunchScreen.storyboard */; };
		181E5BEC294CE82300FE2FFE /* coreDataClass.swift in Sources */ = {isa = PBXBuildFile; fileRef = 181E5BEB294CE82300FE2FFE /* coreDataClass.swift */; };
/* End PBXBuildFile section */

/* Begin PBXFileReference section */
		181E5BD1294CE4DB00FE2FFE /* InsertDataOfTextFieldIntoCoreData.app */ = {isa = PBXFileReference; explicitFileType = wrapper.application; includeInIndex = 0; path = InsertDataOfTextFieldIntoCoreData.app; sourceTree = BUILT_PRODUCTS_DIR; };
		181E5BD4294CE4DB00FE2FFE /* AppDelegate.swift */ = {isa = PBXFileReference; lastKnownFileType = sourcecode.swift; path = AppDelegate.swift; sourceTree = "<group>"; };
		181E5BD6294CE4DB00FE2FFE /* SceneDelegate.swift */ = {isa = PBXFileReference; lastKnownFileType = sourcecode.swift; path = SceneDelegate.swift; sourceTree = "<group>"; };
		181E5BD8294CE4DB00FE2FFE /* ViewController.swift */ = {isa = PBXFileReference; lastKnownFileType = sourcecode.swift; path = ViewController.swift; sourceTree = "<group>"; };
		181E5BDB294CE4DB00FE2FFE /* Base */ = {isa = PBXFileReference; lastKnownFileType = file.storyboard; name = Base; path = Base.lproj/Main.storyboard; sourceTree = "<group>"; };
		181E5BDE294CE4DB00FE2FFE /* InsertDataOfTextFieldIntoCoreData.xcdatamodel */ = {isa = PBXFileReference; lastKnownFileType = wrapper.xcdatamodel; path = InsertDataOfTextFieldIntoCoreData.xcdatamodel; sourceTree = "<group>"; };
		181E5BE0294CE4DE00FE2FFE /* Assets.xcassets */ = {isa = PBXFileReference; lastKnownFileType = folder.assetcatalog; path = Assets.xcassets; sourceTree = "<group>"; };
		181E5BE3294CE4DE00FE2FFE /* Base */ = {isa = PBXFileReference; lastKnownFileType = file.storyboard; name = Base; path = Base.lproj/LaunchScreen.storyboard; sourceTree = "<group>"; };
		181E5BE5294CE4DE00FE2FFE /* Info.plist */ = {isa = PBXFileReference; lastKnownFileType = text.plist.xml; path = Info.plist; sourceTree = "<group>"; };
		181E5BEB294CE82300FE2FFE /* coreDataClass.swift */ = {isa = PBXFileReference; lastKnownFileType = sourcecode.swift; path = coreDataClass.swift; sourceTree = "<group>"; };
/* End PBXFileReference section */

/* Begin PBXFrameworksBuildPhase section */
		181E5BCE294CE4DB00FE2FFE /* Frameworks */ = {
			isa = PBXFrameworksBuildPhase;
			buildActionMask = 2147483647;
			files = (
			);
			runOnlyForDeploymentPostprocessing = 0;
		};
/* End PBXFrameworksBuildPhase section */

/* Begin PBXGroup section */
		181E5BC8294CE4DB00FE2FFE = {
			isa = PBXGroup;
			children = (
				181E5BD3294CE4DB00FE2FFE /* InsertDataOfTextFieldIntoCoreData */,
				181E5BD2294CE4DB00FE2FFE /* Products */,
			);
			sourceTree = "<group>";
		};
		181E5BD2294CE4DB00FE2FFE /* Products */ = {
			isa = PBXGroup;
			children = (
				181E5BD1294CE4DB00FE2FFE /* InsertDataOfTextFieldIntoCoreData.app */,
			);
			name = Products;
			sourceTree = "<group>";
		};
		181E5BD3294CE4DB00FE2FFE /* InsertDataOfTextFieldIntoCoreData */ = {
			isa = PBXGroup;
			children = (
				181E5BD4294CE4DB00FE2FFE /* AppDelegate.swift */,
				181E5BD6294CE4DB00FE2FFE /* SceneDelegate.swift */,
				181E5BD8294CE4DB00FE2FFE /* ViewController.swift */,
				181E5BEB294CE82300FE2FFE /* coreDataClass.swift */,
				181E5BDA294CE4DB00FE2FFE /* Main.storyboard */,
				181E5BE0294CE4DE00FE2FFE /* Assets.xcassets */,
				181E5BE2294CE4DE00FE2FFE /* LaunchScreen.storyboard */,
				181E5BE5294CE4DE00FE2FFE /* Info.plist */,
				181E5BDD294CE4DB00FE2FFE /* InsertDataOfTextFieldIntoCoreData.xcdatamodeld */,
			);
			path = InsertDataOfTextFieldIntoCoreData;
			sourceTree = "<group>";
		};
/* End PBXGroup section */

/* Begin PBXNativeTarget section */
		181E5BD0294CE4DB00FE2FFE /* InsertDataOfTextFieldIntoCoreData */ = {
			isa = PBXNativeTarget;
			buildConfigurationList = 181E5BE8294CE4DE00FE2FFE /* Build configuration list for PBXNativeTarget "InsertDataOfTextFieldIntoCoreData" */;
			buildPhases = (
				181E5BCD294CE4DB00FE2FFE /* Sources */,
				181E5BCE294CE4DB00FE2FFE /* Frameworks */,
				181E5BCF294CE4DB00FE2FFE /* Resources */,
			);
			buildRules = (
			);
			dependencies = (
			);
			name = InsertDataOfTextFieldIntoCoreData;
			productName = InsertDataOfTextFieldIntoCoreData;
			productReference = 181E5BD1294CE4DB00FE2FFE /* InsertDataOfTextFieldIntoCoreData.app */;
			productType = "com.apple.product-type.application";
		};
/* End PBXNativeTarget section */

/* Begin PBXProject section */
		181E5BC9294CE4DB00FE2FFE /* Project object */ = {
			isa = PBXProject;
			attributes = {
				BuildIndependentTargetsInParallel = 1;
				LastSwiftUpdateCheck = 1400;
				LastUpgradeCheck = 1400;
				TargetAttributes = {
					181E5BD0294CE4DB00FE2FFE = {
						CreatedOnToolsVersion = 14.0.1;
					};
				};
			};
			buildConfigurationList = 181E5BCC294CE4DB00FE2FFE /* Build configuration list for PBXProject "InsertDataOfTextFieldIntoCoreData" */;
			compatibilityVersion = "Xcode 14.0";
			developmentRegion = en;
			hasScannedForEncodings = 0;
			knownRegions = (
				en,
				Base,
			);
			mainGroup = 181E5BC8294CE4DB00FE2FFE;
			productRefGroup = 181E5BD2294CE4DB00FE2FFE /* Products */;
			projectDirPath = "";
			projectRoot = "";
			targets = (
				181E5BD0294CE4DB00FE2FFE /* InsertDataOfTextFieldIntoCoreData */,
			);
		};
/* End PBXProject section */

/* Begin PBXResourcesBuildPhase section */
		181E5BCF294CE4DB00FE2FFE /* Resources */ = {
			isa = PBXResourcesBuildPhase;
			buildActionMask = 2147483647;
			files = (
				181E5BE4294CE4DE00FE2FFE /* LaunchScreen.storyboard in Resources */,
				181E5BE1294CE4DE00FE2FFE /* Assets.xcassets in Resources */,
				181E5BDC294CE4DB00FE2FFE /* Main.storyboard in Resources */,
			);
			runOnlyForDeploymentPostprocessing = 0;
		};
/* End PBXResourcesBuildPhase section */

/* Begin PBXSourcesBuildPhase section */
		181E5BCD294CE4DB00FE2FFE /* Sources */ = {
			isa = PBXSourcesBuildPhase;
			buildActionMask = 2147483647;
			files = (
				181E5BDF294CE4DB00FE2FFE /* InsertDataOfTextFieldIntoCoreData.xcdatamodeld in Sources */,
				181E5BD9294CE4DB00FE2FFE /* ViewController.swift in Sources */,
				181E5BEC294CE82300FE2FFE /* coreDataClass.swift in Sources */,
				181E5BD5294CE4DB00FE2FFE /* AppDelegate.swift in Sources */,
				181E5BD7294CE4DB00FE2FFE /* SceneDelegate.swift in Sources */,
			);
			runOnlyForDeploymentPostprocessing = 0;
		};
/* End PBXSourcesBuildPhase section */

/* Begin PBXVariantGroup section */
		181E5BDA294CE4DB00FE2FFE /* Main.storyboard */ = {
			isa = PBXVariantGroup;
			children = (
				181E5BDB294CE4DB00FE2FFE /* Base */,
			);
			name = Main.storyboard;
			sourceTree = "<group>";
		};
		181E5BE2294CE4DE00FE2FFE /* LaunchScreen.storyboard */ = {
			isa = PBXVariantGroup;
			children = (
				181E5BE3294CE4DE00FE2FFE /* Base */,
			);
			name = LaunchScreen.storyboard;
			sourceTree = "<group>";
		};
/* End PBXVariantGroup section */

/* Begin XCBuildConfiguration section */
		181E5BE6294CE4DE00FE2FFE /* Debug */ = {
			isa = XCBuildConfiguration;
			buildSettings = {
				ALWAYS_SEARCH_USER_PATHS = NO;
				CLANG_ANALYZER_NONNULL = YES;
				CLANG_ANALYZER_NUMBER_OBJECT_CONVERSION = YES_AGGRESSIVE;
				CLANG_CXX_LANGUAGE_STANDARD = "gnu++20";
				CLANG_ENABLE_MODULES = YES;
				CLANG_ENABLE_OBJC_ARC = YES;
				CLANG_ENABLE_OBJC_WEAK = YES;
				CLANG_WARN_BLOCK_CAPTURE_AUTORELEASING = YES;
				CLANG_WARN_BOOL_CONVERSION = YES;
				CLANG_WARN_COMMA = YES;
				CLANG_WARN_CONSTANT_CONVERSION = YES;
				CLANG_WARN_DEPRECATED_OBJC_IMPLEMENTATIONS = YES;
				CLANG_WARN_DIRECT_OBJC_ISA_USAGE = YES_ERROR;
				CLANG_WARN_DOCUMENTATION_COMMENTS = YES;
				CLANG_WARN_EMPTY_BODY = YES;
				CLANG_WARN_ENUM_CONVERSION = YES;
				CLANG_WARN_INFINITE_RECURSION = YES;
				CLANG_WARN_INT_CONVERSION = YES;
				CLANG_WARN_NON_LITERAL_NULL_CONVERSION = YES;
				CLANG_WARN_OBJC_IMPLICIT_RETAIN_SELF = YES;
				CLANG_WARN_OBJC_LITERAL_CONVERSION = YES;
				CLANG_WARN_OBJC_ROOT_CLASS = YES_ERROR;
				CLANG_WARN_QUOTED_INCLUDE_IN_FRAMEWORK_HEADER = YES;
				CLANG_WARN_RANGE_LOOP_ANALYSIS = YES;
				CLANG_WARN_STRICT_PROTOTYPES = YES;
				CLANG_WARN_SUSPICIOUS_MOVE = YES;
				CLANG_WARN_UNGUARDED_AVAILABILITY = YES_AGGRESSIVE;
				CLANG_WARN_UNREACHABLE_CODE = YES;
				CLANG_WARN__DUPLICATE_METHOD_MATCH = YES;
				COPY_PHASE_STRIP = NO;
				DEBUG_INFORMATION_FORMAT = dwarf;
				ENABLE_STRICT_OBJC_MSGSEND = YES;
				ENABLE_TESTABILITY = YES;
				GCC_C_LANGUAGE_STANDARD = gnu11;
				GCC_DYNAMIC_NO_PIC = NO;
				GCC_NO_COMMON_BLOCKS = YES;
				GCC_OPTIMIZATION_LEVEL = 0;
				GCC_PREPROCESSOR_DEFINITIONS = (
					"DEBUG=1",
					"$(inherited)",
				);
				GCC_WARN_64_TO_32_BIT_CONVERSION = YES;
				GCC_WARN_ABOUT_RETURN_TYPE = YES_ERROR;
				GCC_WARN_UNDECLARED_SELECTOR = YES;
				GCC_WARN_UNINITIALIZED_AUTOS = YES_AGGRESSIVE;
				GCC_WARN_UNUSED_FUNCTION = YES;
				GCC_WARN_UNUSED_VARIABLE = YES;
				IPHONEOS_DEPLOYMENT_TARGET = 16.0;
				MTL_ENABLE_DEBUG_INFO = INCLUDE_SOURCE;
				MTL_FAST_MATH = YES;
				ONLY_ACTIVE_ARCH = YES;
				SDKROOT = iphoneos;
				SWIFT_ACTIVE_COMPILATION_CONDITIONS = DEBUG;
				SWIFT_OPTIMIZATION_LEVEL = "-Onone";
			};
			name = Debug;
		};
		181E5BE7294CE4DE00FE2FFE /* Release */ = {
			isa = XCBuildConfiguration;
			buildSettings = {
				ALWAYS_SEARCH_USER_PATHS = NO;
				CLANG_ANALYZER_NONNULL = YES;
				CLANG_ANALYZER_NUMBER_OBJECT_CONVERSION = YES_AGGRESSIVE;
				CLANG_CXX_LANGUAGE_STANDARD = "gnu++20";
				CLANG_ENABLE_MODULES = YES;
				CLANG_ENABLE_OBJC_ARC = YES;
				CLANG_ENABLE_OBJC_WEAK = YES;
				CLANG_WARN_BLOCK_CAPTURE_AUTORELEASING = YES;
				CLANG_WARN_BOOL_CONVERSION = YES;
				CLANG_WARN_COMMA = YES;
				CLANG_WARN_CONSTANT_CONVERSION = YES;
				CLANG_WARN_DEPRECATED_OBJC_IMPLEMENTATIONS = YES;
				CLANG_WARN_DIRECT_OBJC_ISA_USAGE = YES_ERROR;
				CLANG_WARN_DOCUMENTATION_COMMENTS = YES;
				CLANG_WARN_EMPTY_BODY = YES;
				CLANG_WARN_ENUM_CONVERSION = YES;
				CLANG_WARN_INFINITE_RECURSION = YES;
				CLANG_WARN_INT_CONVERSION = YES;
				CLANG_WARN_NON_LITERAL_NULL_CONVERSION = YES;
				CLANG_WARN_OBJC_IMPLICIT_RETAIN_SELF = YES;
				CLANG_WARN_OBJC_LITERAL_CONVERSION = YES;
				CLANG_WARN_OBJC_ROOT_CLASS = YES_ERROR;
				CLANG_WARN_QUOTED_INCLUDE_IN_FRAMEWORK_HEADER = YES;
				CLANG_WARN_RANGE_LOOP_ANALYSIS = YES;
				CLANG_WARN_STRICT_PROTOTYPES = YES;
				CLANG_WARN_SUSPICIOUS_MOVE = YES;
				CLANG_WARN_UNGUARDED_AVAILABILITY = YES_AGGRESSIVE;
				CLANG_WARN_UNREACHABLE_CODE = YES;
				CLANG_WARN__DUPLICATE_METHOD_MATCH = YES;
				COPY_PHASE_STRIP = NO;
				DEBUG_INFORMATION_FORMAT = "dwarf-with-dsym";
				ENABLE_NS_ASSERTIONS = NO;
				ENABLE_STRICT_OBJC_MSGSEND = YES;
				GCC_C_LANGUAGE_STANDARD = gnu11;
				GCC_NO_COMMON_BLOCKS = YES;
				GCC_WARN_64_TO_32_BIT_CONVERSION = YES;
				GCC_WARN_ABOUT_RETURN_TYPE = YES_ERROR;
				GCC_WARN_UNDECLARED_SELECTOR = YES;
				GCC_WARN_UNINITIALIZED_AUTOS = YES_AGGRESSIVE;
				GCC_WARN_UNUSED_FUNCTION = YES;
				GCC_WARN_UNUSED_VARIABLE = YES;
				IPHONEOS_DEPLOYMENT_TARGET = 16.0;
				MTL_ENABLE_DEBUG_INFO = NO;
				MTL_FAST_MATH = YES;
				SDKROOT = iphoneos;
				SWIFT_COMPILATION_MODE = wholemodule;
				SWIFT_OPTIMIZATION_LEVEL = "-O";
				VALIDATE_PRODUCT = YES;
			};
			name = Release;
		};
		181E5BE9294CE4DE00FE2FFE /* Debug */ = {
			isa = XCBuildConfiguration;
			buildSettings = {
				ASSETCATALOG_COMPILER_APPICON_NAME = AppIcon;
				ASSETCATALOG_COMPILER_GLOBAL_ACCENT_COLOR_NAME = AccentColor;
				CODE_SIGN_STYLE = Automatic;
				CURRENT_PROJECT_VERSION = 1;
				DEVELOPMENT_TEAM = 47Z8B6N6UG;
				GENERATE_INFOPLIST_FILE = YES;
				INFOPLIST_FILE = InsertDataOfTextFieldIntoCoreData/Info.plist;
				INFOPLIST_KEY_UIApplicationSupportsIndirectInputEvents = YES;
				INFOPLIST_KEY_UILaunchStoryboardName = LaunchScreen;
				INFOPLIST_KEY_UIMainStoryboardFile = Main;
				INFOPLIST_KEY_UISupportedInterfaceOrientations_iPad = "UIInterfaceOrientationPortrait UIInterfaceOrientationPortraitUpsideDown UIInterfaceOrientationLandscapeLeft UIInterfaceOrientationLandscapeRight";
				INFOPLIST_KEY_UISupportedInterfaceOrientations_iPhone = "UIInterfaceOrientationPortrait UIInterfaceOrientationLandscapeLeft UIInterfaceOrientationLandscapeRight";
				LD_RUNPATH_SEARCH_PATHS = (
					"$(inherited)",
					"@executable_path/Frameworks",
				);
				MARKETING_VERSION = 1.0;
				PRODUCT_BUNDLE_IDENTIFIER = "sanketajabe2001-gmail.com.InsertDataOfTextFieldIntoCoreData";
				PRODUCT_NAME = "$(TARGET_NAME)";
				SWIFT_EMIT_LOC_STRINGS = YES;
				SWIFT_VERSION = 5.0;
				TARGETED_DEVICE_FAMILY = "1,2";
			};
			name = Debug;
		};
		181E5BEA294CE4DE00FE2FFE /* Release */ = {
			isa = XCBuildConfiguration;
			buildSettings = {
				ASSETCATALOG_COMPILER_APPICON_NAME = AppIcon;
				ASSETCATALOG_COMPILER_GLOBAL_ACCENT_COLOR_NAME = AccentColor;
				CODE_SIGN_STYLE = Automatic;
				CURRENT_PROJECT_VERSION = 1;
				DEVELOPMENT_TEAM = 47Z8B6N6UG;
				GENERATE_INFOPLIST_FILE = YES;
				INFOPLIST_FILE = InsertDataOfTextFieldIntoCoreData/Info.plist;
				INFOPLIST_KEY_UIApplicationSupportsIndirectInputEvents = YES;
				INFOPLIST_KEY_UILaunchStoryboardName = LaunchScreen;
				INFOPLIST_KEY_UIMainStoryboardFile = Main;
				INFOPLIST_KEY_UISupportedInterfaceOrientations_iPad = "UIInterfaceOrientationPortrait UIInterfaceOrientationPortraitUpsideDown UIInterfaceOrientationLandscapeLeft UIInterfaceOrientationLandscapeRight";
				INFOPLIST_KEY_UISupportedInterfaceOrientations_iPhone = "UIInterfaceOrientationPortrait UIInterfaceOrientationLandscapeLeft UIInterfaceOrientationLandscapeRight";
				LD_RUNPATH_SEARCH_PATHS = (
					"$(inherited)",
					"@executable_path/Frameworks",
				);
				MARKETING_VERSION = 1.0;
				PRODUCT_BUNDLE_IDENTIFIER = "sanketajabe2001-gmail.com.InsertDataOfTextFieldIntoCoreData";
				PRODUCT_NAME = "$(TARGET_NAME)";
				SWIFT_EMIT_LOC_STRINGS = YES;
				SWIFT_VERSION = 5.0;
				TARGETED_DEVICE_FAMILY = "1,2";
			};
			name = Release;
		};
/* End XCBuildConfiguration section */

/* Begin XCConfigurationList section */
		181E5BCC294CE4DB00FE2FFE /* Build configuration list for PBXProject "InsertDataOfTextFieldIntoCoreData" */ = {
			isa = XCConfigurationList;
			buildConfigurations = (
				181E5BE6294CE4DE00FE2FFE /* Debug */,
				181E5BE7294CE4DE00FE2FFE /* Release */,
			);
			defaultConfigurationIsVisible = 0;
			defaultConfigurationName = Release;
		};
		181E5BE8294CE4DE00FE2FFE /* Build configuration list for PBXNativeTarget "InsertDataOfTextFieldIntoCoreData" */ = {
			isa = XCConfigurationList;
			buildConfigurations = (
				181E5BE9294CE4DE00FE2FFE /* Debug */,
				181E5BEA294CE4DE00FE2FFE /* Release */,
			);
			defaultConfigurationIsVisible = 0;
			defaultConfigurationName = Release;
		};
/* End XCConfigurationList section */

/* Begin XCVersionGroup section */
		181E5BDD294CE4DB00FE2FFE /* InsertDataOfTextFieldIntoCoreData.xcdatamodeld */ = {
			isa = XCVersionGroup;
			children = (
				181E5BDE294CE4DB00FE2FFE /* InsertDataOfTextFieldIntoCoreData.xcdatamodel */,
			);
			currentVersion = 181E5BDE294CE4DB00FE2FFE /* InsertDataOfTextFieldIntoCoreData.xcdatamodel */;
			path = InsertDataOfTextFieldIntoCoreData.xcdatamodeld;
			sourceTree = "<group>";
			versionGroupType = wrapper.xcdatamodel;
		};
/* End XCVersionGroup section */
	};
	rootObject = 181E5BC9294CE4DB00FE2FFE /* Project object */;
}
